// !$*UTF8*$!
{
	archiveVersion = 1;
	classes = {
	};
	objectVersion = 46;
	objects = {

/* Begin PBXBuildFile section */
		0D379DCE1FD54BCF00E61CF1 /* ViewControllerUITests.swift in Sources */ = {isa = PBXBuildFile; fileRef = 0D379DCD1FD54BCF00E61CF1 /* ViewControllerUITests.swift */; };
		59458FF71FC000CE00CB8838 /* AppDelegate.swift in Sources */ = {isa = PBXBuildFile; fileRef = 59458FF61FC000CE00CB8838 /* AppDelegate.swift */; };
		59458FF91FC000CE00CB8838 /* ViewController.swift in Sources */ = {isa = PBXBuildFile; fileRef = 59458FF81FC000CE00CB8838 /* ViewController.swift */; };
		59458FFC1FC000CE00CB8838 /* Main.storyboard in Resources */ = {isa = PBXBuildFile; fileRef = 59458FFA1FC000CE00CB8838 /* Main.storyboard */; };
		59458FFE1FC000CE00CB8838 /* Assets.xcassets in Resources */ = {isa = PBXBuildFile; fileRef = 59458FFD1FC000CE00CB8838 /* Assets.xcassets */; };
		594590011FC000CE00CB8838 /* LaunchScreen.storyboard in Resources */ = {isa = PBXBuildFile; fileRef = 59458FFF1FC000CE00CB8838 /* LaunchScreen.storyboard */; };
		A4D4354CFE00FFD158D001E1 /* Pods_MyCalc.framework in Frameworks */ = {isa = PBXBuildFile; fileRef = 30B4A38FB65B0782106DF1E7 /* Pods_MyCalc.framework */; };
/* End PBXBuildFile section */

/* Begin PBXContainerItemProxy section */
		0D498A371FD540010058E9A4 /* PBXContainerItemProxy */ = {
			isa = PBXContainerItemProxy;
			containerPortal = 59458FEB1FC000CE00CB8838 /* Project object */;
			proxyType = 1;
			remoteGlobalIDString = 59458FF21FC000CE00CB8838;
			remoteInfo = MyCalc;
		};
/* End PBXContainerItemProxy section */

/* Begin PBXFileReference section */
		0D379DCD1FD54BCF00E61CF1 /* ViewControllerUITests.swift */ = {isa = PBXFileReference; fileEncoding = 4; lastKnownFileType = sourcecode.swift; path = ViewControllerUITests.swift; sourceTree = "<group>"; };
		0D498A321FD540010058E9A4 /* MyCalcUITests.xctest */ = {isa = PBXFileReference; explicitFileType = wrapper.cfbundle; includeInIndex = 0; path = MyCalcUITests.xctest; sourceTree = BUILT_PRODUCTS_DIR; };
		0D498A361FD540010058E9A4 /* Info.plist */ = {isa = PBXFileReference; lastKnownFileType = text.plist.xml; path = Info.plist; sourceTree = "<group>"; };
		30B4A38FB65B0782106DF1E7 /* Pods_MyCalc.framework */ = {isa = PBXFileReference; explicitFileType = wrapper.framework; includeInIndex = 0; path = Pods_MyCalc.framework; sourceTree = BUILT_PRODUCTS_DIR; };
		59458FF31FC000CE00CB8838 /* MyCalc.app */ = {isa = PBXFileReference; explicitFileType = wrapper.application; includeInIndex = 0; path = MyCalc.app; sourceTree = BUILT_PRODUCTS_DIR; };
		59458FF61FC000CE00CB8838 /* AppDelegate.swift */ = {isa = PBXFileReference; lastKnownFileType = sourcecode.swift; path = AppDelegate.swift; sourceTree = "<group>"; };
		59458FF81FC000CE00CB8838 /* ViewController.swift */ = {isa = PBXFileReference; lastKnownFileType = sourcecode.swift; path = ViewController.swift; sourceTree = "<group>"; };
		59458FFB1FC000CE00CB8838 /* Base */ = {isa = PBXFileReference; lastKnownFileType = file.storyboard; name = Base; path = Base.lproj/Main.storyboard; sourceTree = "<group>"; };
		59458FFD1FC000CE00CB8838 /* Assets.xcassets */ = {isa = PBXFileReference; lastKnownFileType = folder.assetcatalog; path = Assets.xcassets; sourceTree = "<group>"; };
		594590001FC000CE00CB8838 /* Base */ = {isa = PBXFileReference; lastKnownFileType = file.storyboard; name = Base; path = Base.lproj/LaunchScreen.storyboard; sourceTree = "<group>"; };
		594590021FC000CE00CB8838 /* Info.plist */ = {isa = PBXFileReference; lastKnownFileType = text.plist.xml; path = Info.plist; sourceTree = "<group>"; };
		B34A8824CAC6272297FCFDD9 /* Pods-MyCalc.release.xcconfig */ = {isa = PBXFileReference; includeInIndex = 1; lastKnownFileType = text.xcconfig; name = "Pods-MyCalc.release.xcconfig"; path = "Pods/Target Support Files/Pods-MyCalc/Pods-MyCalc.release.xcconfig"; sourceTree = "<group>"; };
		D6B000E3FD800BD4C3F6F7BD /* Pods-MyCalc.debug.xcconfig */ = {isa = PBXFileReference; includeInIndex = 1; lastKnownFileType = text.xcconfig; name = "Pods-MyCalc.debug.xcconfig"; path = "Pods/Target Support Files/Pods-MyCalc/Pods-MyCalc.debug.xcconfig"; sourceTree = "<group>"; };
/* End PBXFileReference section */

/* Begin PBXFrameworksBuildPhase section */
		0D498A2F1FD540010058E9A4 /* Frameworks */ = {
			isa = PBXFrameworksBuildPhase;
			buildActionMask = 2147483647;
			files = (
			);
			runOnlyForDeploymentPostprocessing = 0;
		};
		59458FF01FC000CE00CB8838 /* Frameworks */ = {
			isa = PBXFrameworksBuildPhase;
			buildActionMask = 2147483647;
			files = (
				A4D4354CFE00FFD158D001E1 /* Pods_MyCalc.framework in Frameworks */,
			);
			runOnlyForDeploymentPostprocessing = 0;
		};
/* End PBXFrameworksBuildPhase section */

/* Begin PBXGroup section */
		0D498A331FD540010058E9A4 /* MyCalcUITests */ = {
			isa = PBXGroup;
			children = (
				0D379DCD1FD54BCF00E61CF1 /* ViewControllerUITests.swift */,
				0D498A361FD540010058E9A4 /* Info.plist */,
			);
			path = MyCalcUITests;
			sourceTree = "<group>";
		};
		59458FEA1FC000CE00CB8838 = {
			isa = PBXGroup;
			children = (
				59458FF51FC000CE00CB8838 /* MyCalc */,
				0D498A331FD540010058E9A4 /* MyCalcUITests */,
				59458FF41FC000CE00CB8838 /* Products */,
				DF468E22225DD7AE862069A6 /* Pods */,
				A45BB8E34E1B760696AEC4E9 /* Frameworks */,
			);
			sourceTree = "<group>";
		};
		59458FF41FC000CE00CB8838 /* Products */ = {
			isa = PBXGroup;
			children = (
				59458FF31FC000CE00CB8838 /* MyCalc.app */,
				0D498A321FD540010058E9A4 /* MyCalcUITests.xctest */,
			);
			name = Products;
			sourceTree = "<group>";
		};
		59458FF51FC000CE00CB8838 /* MyCalc */ = {
			isa = PBXGroup;
			children = (
				59458FF61FC000CE00CB8838 /* AppDelegate.swift */,
				59458FF81FC000CE00CB8838 /* ViewController.swift */,
				59458FFA1FC000CE00CB8838 /* Main.storyboard */,
				59458FFD1FC000CE00CB8838 /* Assets.xcassets */,
				59458FFF1FC000CE00CB8838 /* LaunchScreen.storyboard */,
				594590021FC000CE00CB8838 /* Info.plist */,
			);
			path = MyCalc;
			sourceTree = "<group>";
		};
		A45BB8E34E1B760696AEC4E9 /* Frameworks */ = {
			isa = PBXGroup;
			children = (
				30B4A38FB65B0782106DF1E7 /* Pods_MyCalc.framework */,
			);
			name = Frameworks;
			sourceTree = "<group>";
		};
		DF468E22225DD7AE862069A6 /* Pods */ = {
			isa = PBXGroup;
			children = (
				D6B000E3FD800BD4C3F6F7BD /* Pods-MyCalc.debug.xcconfig */,
				B34A8824CAC6272297FCFDD9 /* Pods-MyCalc.release.xcconfig */,
			);
			name = Pods;
			sourceTree = "<group>";
		};
/* End PBXGroup section */

/* Begin PBXNativeTarget section */
		0D498A311FD540010058E9A4 /* MyCalcUITests */ = {
			isa = PBXNativeTarget;
			buildConfigurationList = 0D498A391FD540010058E9A4 /* Build configuration list for PBXNativeTarget "MyCalcUITests" */;
			buildPhases = (
				0D498A2E1FD540010058E9A4 /* Sources */,
				0D498A2F1FD540010058E9A4 /* Frameworks */,
				0D498A301FD540010058E9A4 /* Resources */,
			);
			buildRules = (
			);
			dependencies = (
				0D498A381FD540010058E9A4 /* PBXTargetDependency */,
			);
			name = MyCalcUITests;
			productName = MyCalcUITests;
			productReference = 0D498A321FD540010058E9A4 /* MyCalcUITests.xctest */;
			productType = "com.apple.product-type.bundle.ui-testing";
		};
		59458FF21FC000CE00CB8838 /* MyCalc */ = {
			isa = PBXNativeTarget;
			buildConfigurationList = 594590051FC000CE00CB8838 /* Build configuration list for PBXNativeTarget "MyCalc" */;
			buildPhases = (
				C3D677EEDCADC674EEC53F49 /* [CP] Check Pods Manifest.lock */,
				59458FEF1FC000CE00CB8838 /* Sources */,
				59458FF01FC000CE00CB8838 /* Frameworks */,
				59458FF11FC000CE00CB8838 /* Resources */,
				06DCCD08E7DB54D122A612F6 /* [CP] Embed Pods Frameworks */,
				97C4A7B8AF6904A4F2453088 /* [CP] Copy Pods Resources */,
			);
			buildRules = (
			);
			dependencies = (
			);
			name = MyCalc;
			productName = MyCalc;
			productReference = 59458FF31FC000CE00CB8838 /* MyCalc.app */;
			productType = "com.apple.product-type.application";
		};
/* End PBXNativeTarget section */

/* Begin PBXProject section */
		59458FEB1FC000CE00CB8838 /* Project object */ = {
			isa = PBXProject;
			attributes = {
				LastSwiftUpdateCheck = 0820;
				LastUpgradeCheck = 0820;
				ORGANIZATIONNAME = "Hosomi Fuminao";
				TargetAttributes = {
					0D498A311FD540010058E9A4 = {
						CreatedOnToolsVersion = 8.2.1;
						DevelopmentTeam = BUR5FQ3D77;
						ProvisioningStyle = Automatic;
						TestTargetID = 59458FF21FC000CE00CB8838;
					};
					59458FF21FC000CE00CB8838 = {
						CreatedOnToolsVersion = 8.2.1;
						DevelopmentTeam = 26EZ336896;
						ProvisioningStyle = Automatic;
					};
				};
			};
			buildConfigurationList = 59458FEE1FC000CE00CB8838 /* Build configuration list for PBXProject "MyCalc" */;
			compatibilityVersion = "Xcode 3.2";
			developmentRegion = English;
			hasScannedForEncodings = 0;
			knownRegions = (
				en,
				Base,
			);
			mainGroup = 59458FEA1FC000CE00CB8838;
			productRefGroup = 59458FF41FC000CE00CB8838 /* Products */;
			projectDirPath = "";
			projectRoot = "";
			targets = (
				59458FF21FC000CE00CB8838 /* MyCalc */,
				0D498A311FD540010058E9A4 /* MyCalcUITests */,
			);
		};
/* End PBXProject section */

/* Begin PBXResourcesBuildPhase section */
		0D498A301FD540010058E9A4 /* Resources */ = {
			isa = PBXResourcesBuildPhase;
			buildActionMask = 2147483647;
			files = (
			);
			runOnlyForDeploymentPostprocessing = 0;
		};
		59458FF11FC000CE00CB8838 /* Resources */ = {
			isa = PBXResourcesBuildPhase;
			buildActionMask = 2147483647;
			files = (
				594590011FC000CE00CB8838 /* LaunchScreen.storyboard in Resources */,
				59458FFE1FC000CE00CB8838 /* Assets.xcassets in Resources */,
				59458FFC1FC000CE00CB8838 /* Main.storyboard in Resources */,
			);
			runOnlyForDeploymentPostprocessing = 0;
		};
/* End PBXResourcesBuildPhase section */

/* Begin PBXShellScriptBuildPhase section */
		06DCCD08E7DB54D122A612F6 /* [CP] Embed Pods Frameworks */ = {
			isa = PBXShellScriptBuildPhase;
			buildActionMask = 2147483647;
			files = (
			);
			inputPaths = (
				"${SRCROOT}/Pods/Target Support Files/Pods-MyCalc/Pods-MyCalc-frameworks.sh",
				"${BUILT_PRODUCTS_DIR}/DDMathParser/MathParser.framework",
			);
			name = "[CP] Embed Pods Frameworks";
			outputPaths = (
				"${TARGET_BUILD_DIR}/${FRAMEWORKS_FOLDER_PATH}/MathParser.framework",
			);
			runOnlyForDeploymentPostprocessing = 0;
			shellPath = /bin/sh;
			shellScript = "\"${SRCROOT}/Pods/Target Support Files/Pods-MyCalc/Pods-MyCalc-frameworks.sh\"\n";
			showEnvVarsInLog = 0;
		};
		97C4A7B8AF6904A4F2453088 /* [CP] Copy Pods Resources */ = {
			isa = PBXShellScriptBuildPhase;
			buildActionMask = 2147483647;
			files = (
			);
			inputPaths = (
			);
			name = "[CP] Copy Pods Resources";
			outputPaths = (
			);
			runOnlyForDeploymentPostprocessing = 0;
			shellPath = /bin/sh;
			shellScript = "\"${SRCROOT}/Pods/Target Support Files/Pods-MyCalc/Pods-MyCalc-resources.sh\"\n";
			showEnvVarsInLog = 0;
		};
		C3D677EEDCADC674EEC53F49 /* [CP] Check Pods Manifest.lock */ = {
			isa = PBXShellScriptBuildPhase;
			buildActionMask = 2147483647;
			files = (
			);
			inputPaths = (
				"${PODS_PODFILE_DIR_PATH}/Podfile.lock",
				"${PODS_ROOT}/Manifest.lock",
			);
			name = "[CP] Check Pods Manifest.lock";
			outputPaths = (
				"$(DERIVED_FILE_DIR)/Pods-MyCalc-checkManifestLockResult.txt",
			);
			runOnlyForDeploymentPostprocessing = 0;
			shellPath = /bin/sh;
			shellScript = "diff \"${PODS_PODFILE_DIR_PATH}/Podfile.lock\" \"${PODS_ROOT}/Manifest.lock\" > /dev/null\nif [ $? != 0 ] ; then\n    # print error to STDERR\n    echo \"error: The sandbox is not in sync with the Podfile.lock. Run 'pod install' or update your CocoaPods installation.\" >&2\n    exit 1\nfi\n# This output is used by Xcode 'outputs' to avoid re-running this script phase.\necho \"SUCCESS\" > \"${SCRIPT_OUTPUT_FILE_0}\"\n";
			showEnvVarsInLog = 0;
		};
/* End PBXShellScriptBuildPhase section */

/* Begin PBXSourcesBuildPhase section */
		0D498A2E1FD540010058E9A4 /* Sources */ = {
			isa = PBXSourcesBuildPhase;
			buildActionMask = 2147483647;
			files = (
				0D379DCE1FD54BCF00E61CF1 /* ViewControllerUITests.swift in Sources */,
			);
			runOnlyForDeploymentPostprocessing = 0;
		};
		59458FEF1FC000CE00CB8838 /* Sources */ = {
			isa = PBXSourcesBuildPhase;
			buildActionMask = 2147483647;
			files = (
				59458FF91FC000CE00CB8838 /* ViewController.swift in Sources */,
				59458FF71FC000CE00CB8838 /* AppDelegate.swift in Sources */,
			);
			runOnlyForDeploymentPostprocessing = 0;
		};
/* End PBXSourcesBuildPhase section */

/* Begin PBXTargetDependency section */
		0D498A381FD540010058E9A4 /* PBXTargetDependency */ = {
			isa = PBXTargetDependency;
			target = 59458FF21FC000CE00CB8838 /* MyCalc */;
			targetProxy = 0D498A371FD540010058E9A4 /* PBXContainerItemProxy */;
		};
/* End PBXTargetDependency section */

/* Begin PBXVariantGroup section */
		59458FFA1FC000CE00CB8838 /* Main.storyboard */ = {
			isa = PBXVariantGroup;
			children = (
				59458FFB1FC000CE00CB8838 /* Base */,
			);
			name = Main.storyboard;
			sourceTree = "<group>";
		};
		59458FFF1FC000CE00CB8838 /* LaunchScreen.storyboard */ = {
			isa = PBXVariantGroup;
			children = (
				594590001FC000CE00CB8838 /* Base */,
			);
			name = LaunchScreen.storyboard;
			sourceTree = "<group>";
		};
/* End PBXVariantGroup section */

/* Begin XCBuildConfiguration section */
		0D498A3A1FD540010058E9A4 /* Debug */ = {
			isa = XCBuildConfiguration;
			buildSettings = {
				DEVELOPMENT_TEAM = BUR5FQ3D77;
				INFOPLIST_FILE = MyCalcUITests/Info.plist;
				LD_RUNPATH_SEARCH_PATHS = "$(inherited) @executable_path/Frameworks @loader_path/Frameworks";
				PRODUCT_BUNDLE_IDENTIFIER = jp.sample.oul.MyCalcUITests;
				PRODUCT_NAME = "$(TARGET_NAME)";
				SWIFT_VERSION = 3.0;
				TEST_TARGET_NAME = MyCalc;
			};
			name = Debug;
		};
		0D498A3B1FD540010058E9A4 /* Release */ = {
			isa = XCBuildConfiguration;
			buildSettings = {
				DEVELOPMENT_TEAM = BUR5FQ3D77;
				INFOPLIST_FILE = MyCalcUITests/Info.plist;
				LD_RUNPATH_SEARCH_PATHS = "$(inherited) @executable_path/Frameworks @loader_path/Frameworks";
				PRODUCT_BUNDLE_IDENTIFIER = jp.sample.oul.MyCalcUITests;
				PRODUCT_NAME = "$(TARGET_NAME)";
				SWIFT_VERSION = 3.0;
				TEST_TARGET_NAME = MyCalc;
			};
			name = Release;
		};
		594590031FC000CE00CB8838 /* Debug */ = {
			isa = XCBuildConfiguration;
			buildSettings = {
				ALWAYS_SEARCH_USER_PATHS = NO;
				CLANG_ANALYZER_NONNULL = YES;
				CLANG_CXX_LANGUAGE_STANDARD = "gnu++0x";
				CLANG_CXX_LIBRARY = "libc++";
				CLANG_ENABLE_MODULES = YES;
				CLANG_ENABLE_OBJC_ARC = YES;
				CLANG_WARN_BOOL_CONVERSION = YES;
				CLANG_WARN_CONSTANT_CONVERSION = YES;
				CLANG_WARN_DIRECT_OBJC_ISA_USAGE = YES_ERROR;
				CLANG_WARN_DOCUMENTATION_COMMENTS = YES;
				CLANG_WARN_EMPTY_BODY = YES;
				CLANG_WARN_ENUM_CONVERSION = YES;
				CLANG_WARN_INFINITE_RECURSION = YES;
				CLANG_WARN_INT_CONVERSION = YES;
				CLANG_WARN_OBJC_ROOT_CLASS = YES_ERROR;
				CLANG_WARN_SUSPICIOUS_MOVE = YES;
				CLANG_WARN_UNREACHABLE_CODE = YES;
				CLANG_WARN__DUPLICATE_METHOD_MATCH = YES;
				"CODE_SIGN_IDENTITY[sdk=iphoneos*]" = "iPhone Developer";
				COPY_PHASE_STRIP = NO;
				DEBUG_INFORMATION_FORMAT = dwarf;
				ENABLE_STRICT_OBJC_MSGSEND = YES;
				ENABLE_TESTABILITY = YES;
				GCC_C_LANGUAGE_STANDARD = gnu99;
				GCC_DYNAMIC_NO_PIC = NO;
				GCC_NO_COMMON_BLOCKS = YES;
				GCC_OPTIMIZATION_LEVEL = 0;
				GCC_PREPROCESSOR_DEFINITIONS = (
					"DEBUG=1",
					"$(inherited)",
				);
				GCC_WARN_64_TO_32_BIT_CONVERSION = YES;
				GCC_WARN_ABOUT_RETURN_TYPE = YES_ERROR;
				GCC_WARN_UNDECLARED_SELECTOR = YES;
				GCC_WARN_UNINITIALIZED_AUTOS = YES_AGGRESSIVE;
				GCC_WARN_UNUSED_FUNCTION = YES;
				GCC_WARN_UNUSED_VARIABLE = YES;
				IPHONEOS_DEPLOYMENT_TARGET = 10.2;
				MTL_ENABLE_DEBUG_INFO = YES;
				ONLY_ACTIVE_ARCH = YES;
				SDKROOT = iphoneos;
				SWIFT_ACTIVE_COMPILATION_CONDITIONS = DEBUG;
				SWIFT_OPTIMIZATION_LEVEL = "-Onone";
			};
			name = Debug;
		};
		594590041FC000CE00CB8838 /* Release */ = {
			isa = XCBuildConfiguration;
			buildSettings = {
				ALWAYS_SEARCH_USER_PATHS = NO;
				CLANG_ANALYZER_NONNULL = YES;
				CLANG_CXX_LANGUAGE_STANDARD = "gnu++0x";
				CLANG_CXX_LIBRARY = "libc++";
				CLANG_ENABLE_MODULES = YES;
				CLANG_ENABLE_OBJC_ARC = YES;
				CLANG_WARN_BOOL_CONVERSION = YES;
				CLANG_WARN_CONSTANT_CONVERSION = YES;
				CLANG_WARN_DIRECT_OBJC_ISA_USAGE = YES_ERROR;
				CLANG_WARN_DOCUMENTATION_COMMENTS = YES;
				CLANG_WARN_EMPTY_BODY = YES;
				CLANG_WARN_ENUM_CONVERSION = YES;
				CLANG_WARN_INFINITE_RECURSION = YES;
				CLANG_WARN_INT_CONVERSION = YES;
				CLANG_WARN_OBJC_ROOT_CLASS = YES_ERROR;
				CLANG_WARN_SUSPICIOUS_MOVE = YES;
				CLANG_WARN_UNREACHABLE_CODE = YES;
				CLANG_WARN__DUPLICATE_METHOD_MATCH = YES;
				"CODE_SIGN_IDENTITY[sdk=iphoneos*]" = "iPhone Developer";
				COPY_PHASE_STRIP = NO;
				DEBUG_INFORMATION_FORMAT = "dwarf-with-dsym";
				ENABLE_NS_ASSERTIONS = NO;
				ENABLE_STRICT_OBJC_MSGSEND = YES;
				GCC_C_LANGUAGE_STANDARD = gnu99;
				GCC_NO_COMMON_BLOCKS = YES;
				GCC_WARN_64_TO_32_BIT_CONVERSION = YES;
				GCC_WARN_ABOUT_RETURN_TYPE = YES_ERROR;
				GCC_WARN_UNDECLARED_SELECTOR = YES;
				GCC_WARN_UNINITIALIZED_AUTOS = YES_AGGRESSIVE;
				GCC_WARN_UNUSED_FUNCTION = YES;
				GCC_WARN_UNUSED_VARIABLE = YES;
				IPHONEOS_DEPLOYMENT_TARGET = 10.2;
				MTL_ENABLE_DEBUG_INFO = NO;
				SDKROOT = iphoneos;
				SWIFT_OPTIMIZATION_LEVEL = "-Owholemodule";
				VALIDATE_PRODUCT = YES;
			};
			name = Release;
		};
		594590061FC000CE00CB8838 /* Debug */ = {
			isa = XCBuildConfiguration;
			baseConfigurationReference = D6B000E3FD800BD4C3F6F7BD /* Pods-MyCalc.debug.xcconfig */;
			buildSettings = {
				ASSETCATALOG_COMPILER_APPICON_NAME = AppIcon;
				DEVELOPMENT_TEAM = 26EZ336896;
				ENABLE_TESTABILITY = YES;
				INFOPLIST_FILE = MyCalc/Info.plist;
				LD_RUNPATH_SEARCH_PATHS = "$(inherited) @executable_path/Frameworks";
				PRODUCT_BUNDLE_IDENTIFIER = hosomi.fuminao.MyCalc;
				PRODUCT_NAME = "$(TARGET_NAME)";
				SWIFT_VERSION = 3.0;
			};
			name = Debug;
		};
		594590071FC000CE00CB8838 /* Release */ = {
			isa = XCBuildConfiguration;
			baseConfigurationReference = B34A8824CAC6272297FCFDD9 /* Pods-MyCalc.release.xcconfig */;
			buildSettings = {
				ASSETCATALOG_COMPILER_APPICON_NAME = AppIcon;
				DEVELOPMENT_TEAM = 26EZ336896;
				ENABLE_TESTABILITY = NO;
				INFOPLIST_FILE = MyCalc/Info.plist;
				LD_RUNPATH_SEARCH_PATHS = "$(inherited) @executable_path/Frameworks";
				PRODUCT_BUNDLE_IDENTIFIER = hosomi.fuminao.MyCalc;
				PRODUCT_NAME = "$(TARGET_NAME)";
				SWIFT_VERSION = 3.0;
			};
			name = Release;
		};
/* End XCBuildConfiguration section */

/* Begin XCConfigurationList section */
		0D498A391FD540010058E9A4 /* Build configuration list for PBXNativeTarget "MyCalcUITests" */ = {
			isa = XCConfigurationList;
			buildConfigurations = (
				0D498A3A1FD540010058E9A4 /* Debug */,
				0D498A3B1FD540010058E9A4 /* Release */,
			);
			defaultConfigurationIsVisible = 0;
			defaultConfigurationName = Release;
		};
		59458FEE1FC000CE00CB8838 /* Build configuration list for PBXProject "MyCalc" */ = {
			isa = XCConfigurationList;
			buildConfigurations = (
				594590031FC000CE00CB8838 /* Debug */,
				594590041FC000CE00CB8838 /* Release */,
			);
			defaultConfigurationIsVisible = 0;
			defaultConfigurationName = Release;
		};
		594590051FC000CE00CB8838 /* Build configuration list for PBXNativeTarget "MyCalc" */ = {
			isa = XCConfigurationList;
			buildConfigurations = (
				594590061FC000CE00CB8838 /* Debug */,
				594590071FC000CE00CB8838 /* Release */,
			);
			defaultConfigurationIsVisible = 0;
			defaultConfigurationName = Release;
		};
/* End XCConfigurationList section */
	};
	rootObject = 59458FEB1FC000CE00CB8838 /* Project object */;
}
